{
    "version": 3,
    "terraform_version": "0.11.8",
    "serial": 1,
    "lineage": "41b9808f-987d-0cef-afa8-330f57bd58cc",
    "modules": [
        {
            "path": [
                "root"
            ],
            "outputs": {},
            "resources": {
                "heroku_addon.db_ci": {
                    "type": "heroku_addon",
                    "depends_on": [
                        "heroku_app.ci"
                    ],
                    "primary": {
                        "id": "daec63f1-2d27-47db-8a6e-9fe535a03c1c",
                        "attributes": {
                            "app": "gabtho-app-ci",
                            "config_vars.#": "1",
                            "config_vars.0": "DATABASE_URL",
                            "id": "daec63f1-2d27-47db-8a6e-9fe535a03c1c",
                            "name": "postgresql-lively-47775",
                            "plan": "heroku-postgresql:hobby-dev",
                            "provider_id": "15361228"
                        },
                        "meta": {
                            "schema_version": "1"
                        },
                        "tainted": false
                    },
                    "deposed": [],
                    "provider": "provider.heroku"
                },
                "heroku_addon.db_prod": {
                    "type": "heroku_addon",
                    "depends_on": [
                        "heroku_app.production"
                    ],
                    "primary": {
                        "id": "9d1c7332-4fcd-4869-acaa-7a51b780e581",
                        "attributes": {
                            "app": "gabtho-app-production",
                            "config_vars.#": "1",
                            "config_vars.0": "DATABASE_URL",
                            "id": "9d1c7332-4fcd-4869-acaa-7a51b780e581",
                            "name": "postgresql-tapered-68059",
                            "plan": "heroku-postgresql:hobby-dev",
                            "provider_id": "15361231"
                        },
                        "meta": {
                            "schema_version": "1"
                        },
                        "tainted": false
                    },
                    "deposed": [],
                    "provider": "provider.heroku"
                },
                "heroku_addon.db_stage": {
                    "type": "heroku_addon",
                    "depends_on": [
                        "heroku_app.staging"
                    ],
                    "primary": {
                        "id": "02465e43-cc47-4c1c-b2e7-557725698a8a",
                        "attributes": {
                            "app": "gabtho-app-staging",
                            "config_vars.#": "1",
                            "config_vars.0": "DATABASE_URL",
                            "id": "02465e43-cc47-4c1c-b2e7-557725698a8a",
                            "name": "postgresql-regular-87676",
                            "plan": "heroku-postgresql:hobby-dev",
                            "provider_id": "15361229"
                        },
                        "meta": {
                            "schema_version": "1"
                        },
                        "tainted": false
                    },
                    "deposed": [],
                    "provider": "provider.heroku"
                },
                "heroku_app.ci": {
                    "type": "heroku_app",
                    "depends_on": [],
                    "primary": {
                        "id": "gabtho-app-ci",
                        "attributes": {
                            "acm": "false",
                            "all_config_vars.%": "0",
                            "config_vars.#": "0",
                            "git_url": "https://git.heroku.com/gabtho-app-ci.git",
                            "heroku_hostname": "gabtho-app-ci.herokuapp.com",
                            "id": "gabtho-app-ci",
                            "internal_routing": "false",
                            "name": "gabtho-app-ci",
                            "region": "eu",
                            "stack": "heroku-18",
                            "uuid": "fb235d3d-f8a8-423e-a9eb-0bfb69e59072",
                            "web_url": "https://gabtho-app-ci.herokuapp.com/"
                        },
                        "meta": {},
                        "tainted": false
                    },
                    "deposed": [],
                    "provider": "provider.heroku"
                },
                "heroku_app.production": {
                    "type": "heroku_app",
                    "depends_on": [],
                    "primary": {
                        "id": "gabtho-app-production",
                        "attributes": {
                            "acm": "false",
                            "all_config_vars.%": "0",
                            "config_vars.#": "0",
                            "git_url": "https://git.heroku.com/gabtho-app-production.git",
                            "heroku_hostname": "gabtho-app-production.herokuapp.com",
                            "id": "gabtho-app-production",
                            "internal_routing": "false",
                            "name": "gabtho-app-production",
                            "region": "eu",
                            "stack": "heroku-18",
                            "uuid": "07ddc909-5ad9-4502-8568-95591a2e13a4",
                            "web_url": "https://gabtho-app-production.herokuapp.com/"
                        },
                        "meta": {},
                        "tainted": false
                    },
                    "deposed": [],
                    "provider": "provider.heroku"
                },
                "heroku_app.staging": {
                    "type": "heroku_app",
                    "depends_on": [],
                    "primary": {
                        "id": "gabtho-app-staging",
                        "attributes": {
                            "acm": "false",
                            "all_config_vars.%": "0",
                            "config_vars.#": "0",
                            "git_url": "https://git.heroku.com/gabtho-app-staging.git",
                            "heroku_hostname": "gabtho-app-staging.herokuapp.com",
                            "id": "gabtho-app-staging",
                            "internal_routing": "false",
                            "name": "gabtho-app-staging",
                            "region": "eu",
                            "stack": "heroku-18",
                            "uuid": "2778cec5-f272-4f44-959f-646c54281ca7",
                            "web_url": "https://gabtho-app-staging.herokuapp.com/"
                        },
                        "meta": {},
                        "tainted": false
                    },
                    "deposed": [],
                    "provider": "provider.heroku"
                },
                "heroku_pipeline.test-app": {
                    "type": "heroku_pipeline",
                    "depends_on": [],
                    "primary": {
                        "id": "990bb005-c490-4a53-8bad-11ad3ee7785c",
                        "attributes": {
                            "id": "990bb005-c490-4a53-8bad-11ad3ee7785c",
                            "name": "gabtho-monitoring"
                        },
                        "meta": {},
                        "tainted": false
                    },
                    "deposed": [],
                    "provider": "provider.heroku"
                },
                "heroku_pipeline_coupling.ci": {
                    "type": "heroku_pipeline_coupling",
                    "depends_on": [
                        "heroku_app.ci",
                        "heroku_pipeline.test-app"
                    ],
                    "primary": {
                        "id": "7829e272-6d1a-4329-a381-734c626db537",
                        "attributes": {
                            "app": "gabtho-app-ci",
                            "app_id": "fb235d3d-f8a8-423e-a9eb-0bfb69e59072",
                            "id": "7829e272-6d1a-4329-a381-734c626db537",
                            "pipeline": "990bb005-c490-4a53-8bad-11ad3ee7785c",
                            "stage": "development"
                        },
                        "meta": {},
                        "tainted": false
                    },
                    "deposed": [],
                    "provider": "provider.heroku"
                },
                "heroku_pipeline_coupling.production": {
                    "type": "heroku_pipeline_coupling",
                    "depends_on": [
                        "heroku_app.production",
                        "heroku_pipeline.test-app"
                    ],
                    "primary": {
                        "id": "f9fdd20a-205b-42a8-a5dd-ce3c9e066f2d",
                        "attributes": {
                            "app": "gabtho-app-production",
                            "app_id": "07ddc909-5ad9-4502-8568-95591a2e13a4",
                            "id": "f9fdd20a-205b-42a8-a5dd-ce3c9e066f2d",
                            "pipeline": "990bb005-c490-4a53-8bad-11ad3ee7785c",
                            "stage": "production"
                        },
                        "meta": {},
                        "tainted": false
                    },
                    "deposed": [],
                    "provider": "provider.heroku"
                },
                "heroku_pipeline_coupling.staging": {
                    "type": "heroku_pipeline_coupling",
                    "depends_on": [
                        "heroku_app.staging",
                        "heroku_pipeline.test-app"
                    ],
                    "primary": {
                        "id": "1924c51d-56d1-4a86-8daf-f2a322759512",
                        "attributes": {
                            "app": "gabtho-app-staging",
                            "app_id": "2778cec5-f272-4f44-959f-646c54281ca7",
                            "id": "1924c51d-56d1-4a86-8daf-f2a322759512",
                            "pipeline": "990bb005-c490-4a53-8bad-11ad3ee7785c",
                            "stage": "staging"
                        },
                        "meta": {},
                        "tainted": false
                    },
                    "deposed": [],
                    "provider": "provider.heroku"
                },
                "statuscake_test.ci": {
                    "type": "statuscake_test",
                    "depends_on": [
                        "heroku_app.ci"
                    ],
                    "primary": {
                        "id": "3596735",
                        "attributes": {
                            "check_rate": "300",
                            "confirmations": "0",
                            "contact_id": "0",
                            "custom_header": "",
                            "do_not_find": "false",
                            "final_endpoint": "",
                            "find_string": "",
                            "follow_redirect": "false",
                            "id": "3596735",
                            "logo_image": "",
                            "node_locations.#": "0",
                            "paused": "false",
                            "port": "0",
                            "post_raw": "",
                            "status": "Up",
                            "status_codes": "",
                            "test_id": "3596735",
                            "test_type": "HTTP",
                            "timeout": "40",
                            "trigger_rate": "5",
                            "uptime": "0",
                            "use_jar": "0",
                            "website_name": "gabtho-app-ci",
                            "website_url": "https://gabtho-app-ci.herokuapp.com/"
                        },
                        "meta": {},
                        "tainted": false
                    },
                    "deposed": [],
                    "provider": "provider.statuscake"
                },
                "statuscake_test.production": {
                    "type": "statuscake_test",
                    "depends_on": [
                        "heroku_app.production"
                    ],
                    "primary": {
                        "id": "3596737",
                        "attributes": {
                            "check_rate": "300",
                            "confirmations": "0",
                            "contact_id": "0",
                            "custom_header": "",
                            "do_not_find": "false",
                            "final_endpoint": "",
                            "find_string": "",
                            "follow_redirect": "false",
                            "id": "3596737",
                            "logo_image": "",
                            "node_locations.#": "0",
                            "paused": "false",
                            "port": "0",
                            "post_raw": "",
                            "status": "Up",
                            "status_codes": "",
                            "test_id": "3596737",
                            "test_type": "HTTP",
                            "timeout": "40",
                            "trigger_rate": "5",
                            "uptime": "0",
                            "use_jar": "0",
                            "website_name": "gabtho-app-production",
                            "website_url": "https://gabtho-app-production.herokuapp.com/"
                        },
                        "meta": {},
                        "tainted": false
                    },
                    "deposed": [],
                    "provider": "provider.statuscake"
                },
                "statuscake_test.stage": {
                    "type": "statuscake_test",
                    "depends_on": [
                        "heroku_app.staging"
                    ],
                    "primary": {
                        "id": "3596736",
                        "attributes": {
                            "check_rate": "300",
                            "confirmations": "0",
                            "contact_id": "0",
                            "custom_header": "",
                            "do_not_find": "false",
                            "final_endpoint": "",
                            "find_string": "",
                            "follow_redirect": "false",
                            "id": "3596736",
                            "logo_image": "",
                            "node_locations.#": "0",
                            "paused": "false",
                            "port": "0",
                            "post_raw": "",
                            "status": "Up",
                            "status_codes": "",
                            "test_id": "3596736",
                            "test_type": "HTTP",
                            "timeout": "40",
                            "trigger_rate": "5",
                            "uptime": "0",
                            "use_jar": "0",
                            "website_name": "gabtho-app-staging",
                            "website_url": "https://gabtho-app-staging.herokuapp.com/"
                        },
                        "meta": {},
                        "tainted": false
                    },
                    "deposed": [],
                    "provider": "provider.statuscake"
                }
            },
            "depends_on": []
        }
    ]
}
